version = 1
revision = 3
requires-python = ">=3.13"

[[package]]
name = "click"
version = "8.3.0"
source = { registry = "https://pypi.org/simple" }
dependencies = [
    { name = "colorama", marker = "sys_platform == 'win32'" },
]
sdist = { url = "https://files.pythonhosted.org/packages/46/61/de6cd827efad202d7057d93e0fed9294b96952e188f7384832791c7b2254/click-8.3.0.tar.gz", hash = "sha256:e7b8232224eba16f4ebe410c25ced9f7875cb5f3263ffc93cc3e8da705e229c4", size = 276943, upload-time = "2025-09-18T17:32:23.696Z" }
wheels = [
    { url = "https://files.pythonhosted.org/packages/db/d3/9dcc0f5797f070ec8edf30fbadfb200e71d9db6b84d211e3b2085a7589a0/click-8.3.0-py3-none-any.whl", hash = "sha256:9b9f285302c6e3064f4330c05f05b81945b2a39544279343e6e7c5f27a9baddc", size = 107295, upload-time = "2025-09-18T17:32:22.42Z" },
]

[[package]]
name = "colorama"
version = "0.4.6"
source = { registry = "https://pypi.org/simple" }
sdist = { url = "https://files.pythonhosted.org/packages/d8/53/6f443c9a4a8358a93a6792e2acffb9d9d5cb0a5cfd8802644b7b1c9a02e4/colorama-0.4.6.tar.gz", hash = "sha256:08695f5cb7ed6e0531a20572697297273c47b8cae5a63ffc6d6ed5c201be6e44", size = 27697, upload-time = "2022-10-25T02:36:22.414Z" }
wheels = [
    { url = "https://files.pythonhosted.org/packages/d1/d6/3965ed04c63042e047cb6a3e6ed1a63a35087b6a609aa3a15ed8ac56c221/colorama-0.4.6-py2.py3-none-any.whl", hash = "sha256:4f1d9991f5acc0ca119f9d443620b77f9d6b33703e51011c16baf57afb285fc6", size = 25335, upload-time = "2022-10-25T02:36:20.889Z" },
]

[[package]]
name = "hoopla"
version = "0.1.0"
source = { virtual = "." }
dependencies = [
    { name = "nltk" },
]

[package.metadata]
requires-dist = [{ name = "nltk", specifier = "==3.9.1" }]

[[package]]
name = "joblib"
version = "1.5.2"
source = { registry = "https://pypi.org/simple" }
sdist = { url = "https://files.pythonhosted.org/packages/e8/5d/447af5ea094b9e4c4054f82e223ada074c552335b9b4b2d14bd9b35a67c4/joblib-1.5.2.tar.gz", hash = "sha256:3faa5c39054b2f03ca547da9b2f52fde67c06240c31853f306aea97f13647b55", size = 331077, upload-time = "2025-08-27T12:15:46.575Z" }
wheels = [
    { url = "https://files.pythonhosted.org/packages/1e/e8/685f47e0d754320684db4425a0967f7d3fa70126bffd76110b7009a0090f/joblib-1.5.2-py3-none-any.whl", hash = "sha256:4e1f0bdbb987e6d843c70cf43714cb276623def372df3c22fe5266b2670bc241", size = 308396, upload-time = "2025-08-27T12:15:45.188Z" },
]

[[package]]
name = "nltk"
version = "3.9.1"
source = { registry = "https://pypi.org/simple" }
dependencies = [
    { name = "click" },
    { name = "joblib" },
    { name = "regex" },
    { name = "tqdm" },
]
sdist = { url = "https://files.pythonhosted.org/packages/3c/87/db8be88ad32c2d042420b6fd9ffd4a149f9a0d7f0e86b3f543be2eeeedd2/nltk-3.9.1.tar.gz", hash = "sha256:87d127bd3de4bd89a4f81265e5fa59cb1b199b27440175370f7417d2bc7ae868", size = 2904691, upload-time = "2024-08-18T19:48:37.769Z" }
wheels = [
    { url = "https://files.pythonhosted.org/packages/4d/66/7d9e26593edda06e8cb531874633f7c2372279c3b0f46235539fe546df8b/nltk-3.9.1-py3-none-any.whl", hash = "sha256:4fa26829c5b00715afe3061398a8989dc643b92ce7dd93fb4585a70930d168a1", size = 1505442, upload-time = "2024-08-18T19:48:21.909Z" },
]

[[package]]
name = "regex"
version = "2025.9.18"
source = { registry = "https://pypi.org/simple" }
sdist = { url = "https://files.pythonhosted.org/packages/49/d3/eaa0d28aba6ad1827ad1e716d9a93e1ba963ada61887498297d3da715133/regex-2025.9.18.tar.gz", hash = "sha256:c5ba23274c61c6fef447ba6a39333297d0c247f53059dba0bca415cac511edc4", size = 400917, upload-time = "2025-09-19T00:38:35.79Z" }
wheels = [
    { url = "https://files.pythonhosted.org/packages/d2/c7/5c48206a60ce33711cf7dcaeaed10dd737733a3569dc7e1dce324dd48f30/regex-2025.9.18-cp313-cp313-macosx_10_13_universal2.whl", hash = "sha256:2a40f929cd907c7e8ac7566ac76225a77701a6221bca937bdb70d56cb61f57b2", size = 485955, upload-time = "2025-09-19T00:36:26.822Z" },
    { url = "https://files.pythonhosted.org/packages/e9/be/74fc6bb19a3c491ec1ace943e622b5a8539068771e8705e469b2da2306a7/regex-2025.9.18-cp313-cp313-macosx_10_13_x86_64.whl", hash = "sha256:c90471671c2cdf914e58b6af62420ea9ecd06d1554d7474d50133ff26ae88feb", size = 289583, upload-time = "2025-09-19T00:36:28.577Z" },
    { url = "https://files.pythonhosted.org/packages/25/c4/9ceaa433cb5dc515765560f22a19578b95b92ff12526e5a259321c4fc1a0/regex-2025.9.18-cp313-cp313-macosx_11_0_arm64.whl", hash = "sha256:1a351aff9e07a2dabb5022ead6380cff17a4f10e4feb15f9100ee56c4d6d06af", size = 287000, upload-time = "2025-09-19T00:36:30.161Z" },
    { url = "https://files.pythonhosted.org/packages/7d/e6/68bc9393cb4dc68018456568c048ac035854b042bc7c33cb9b99b0680afa/regex-2025.9.18-cp313-cp313-manylinux2014_aarch64.manylinux_2_17_aarch64.manylinux_2_28_aarch64.whl", hash = "sha256:bc4b8e9d16e20ddfe16430c23468a8707ccad3365b06d4536142e71823f3ca29", size = 797535, upload-time = "2025-09-19T00:36:31.876Z" },
    { url = "https://files.pythonhosted.org/packages/6a/1c/ebae9032d34b78ecfe9bd4b5e6575b55351dc8513485bb92326613732b8c/regex-2025.9.18-cp313-cp313-manylinux2014_ppc64le.manylinux_2_17_ppc64le.manylinux_2_28_ppc64le.whl", hash = "sha256:4b8cdbddf2db1c5e80338ba2daa3cfa3dec73a46fff2a7dda087c8efbf12d62f", size = 862603, upload-time = "2025-09-19T00:36:33.344Z" },
    { url = "https://files.pythonhosted.org/packages/3b/74/12332c54b3882557a4bcd2b99f8be581f5c6a43cf1660a85b460dd8ff468/regex-2025.9.18-cp313-cp313-manylinux2014_s390x.manylinux_2_17_s390x.manylinux_2_28_s390x.whl", hash = "sha256:a276937d9d75085b2c91fb48244349c6954f05ee97bba0963ce24a9d915b8b68", size = 910829, upload-time = "2025-09-19T00:36:34.826Z" },
    { url = "https://files.pythonhosted.org/packages/86/70/ba42d5ed606ee275f2465bfc0e2208755b06cdabd0f4c7c4b614d51b57ab/regex-2025.9.18-cp313-cp313-manylinux2014_x86_64.manylinux_2_17_x86_64.manylinux_2_28_x86_64.whl", hash = "sha256:92a8e375ccdc1256401c90e9dc02b8642894443d549ff5e25e36d7cf8a80c783", size = 802059, upload-time = "2025-09-19T00:36:36.664Z" },
    { url = "https://files.pythonhosted.org/packages/da/c5/fcb017e56396a7f2f8357412638d7e2963440b131a3ca549be25774b3641/regex-2025.9.18-cp313-cp313-musllinux_1_2_aarch64.whl", hash = "sha256:0dc6893b1f502d73037cf807a321cdc9be29ef3d6219f7970f842475873712ac", size = 786781, upload-time = "2025-09-19T00:36:38.168Z" },
    { url = "https://files.pythonhosted.org/packages/c6/ee/21c4278b973f630adfb3bcb23d09d83625f3ab1ca6e40ebdffe69901c7a1/regex-2025.9.18-cp313-cp313-musllinux_1_2_ppc64le.whl", hash = "sha256:a61e85bfc63d232ac14b015af1261f826260c8deb19401c0597dbb87a864361e", size = 856578, upload-time = "2025-09-19T00:36:40.129Z" },
    { url = "https://files.pythonhosted.org/packages/87/0b/de51550dc7274324435c8f1539373ac63019b0525ad720132866fff4a16a/regex-2025.9.18-cp313-cp313-musllinux_1_2_s390x.whl", hash = "sha256:1ef86a9ebc53f379d921fb9a7e42b92059ad3ee800fcd9e0fe6181090e9f6c23", size = 849119, upload-time = "2025-09-19T00:36:41.651Z" },
    { url = "https://files.pythonhosted.org/packages/60/52/383d3044fc5154d9ffe4321696ee5b2ee4833a28c29b137c22c33f41885b/regex-2025.9.18-cp313-cp313-musllinux_1_2_x86_64.whl", hash = "sha256:d3bc882119764ba3a119fbf2bd4f1b47bc56c1da5d42df4ed54ae1e8e66fdf8f", size = 788219, upload-time = "2025-09-19T00:36:43.575Z" },
    { url = "https://files.pythonhosted.org/packages/20/bd/2614fc302671b7359972ea212f0e3a92df4414aaeacab054a8ce80a86073/regex-2025.9.18-cp313-cp313-win32.whl", hash = "sha256:3810a65675845c3bdfa58c3c7d88624356dd6ee2fc186628295e0969005f928d", size = 264517, upload-time = "2025-09-19T00:36:45.503Z" },
    { url = "https://files.pythonhosted.org/packages/07/0f/ab5c1581e6563a7bffdc1974fb2d25f05689b88e2d416525271f232b1946/regex-2025.9.18-cp313-cp313-win_amd64.whl", hash = "sha256:16eaf74b3c4180ede88f620f299e474913ab6924d5c4b89b3833bc2345d83b3d", size = 275481, upload-time = "2025-09-19T00:36:46.965Z" },
    { url = "https://files.pythonhosted.org/packages/49/22/ee47672bc7958f8c5667a587c2600a4fba8b6bab6e86bd6d3e2b5f7cac42/regex-2025.9.18-cp313-cp313-win_arm64.whl", hash = "sha256:4dc98ba7dd66bd1261927a9f49bd5ee2bcb3660f7962f1ec02617280fc00f5eb", size = 268598, upload-time = "2025-09-19T00:36:48.314Z" },
    { url = "https://files.pythonhosted.org/packages/e8/83/6887e16a187c6226cb85d8301e47d3b73ecc4505a3a13d8da2096b44fd76/regex-2025.9.18-cp313-cp313t-macosx_10_13_universal2.whl", hash = "sha256:fe5d50572bc885a0a799410a717c42b1a6b50e2f45872e2b40f4f288f9bce8a2", size = 489765, upload-time = "2025-09-19T00:36:49.996Z" },
    { url = "https://files.pythonhosted.org/packages/51/c5/e2f7325301ea2916ff301c8d963ba66b1b2c1b06694191df80a9c4fea5d0/regex-2025.9.18-cp313-cp313t-macosx_10_13_x86_64.whl", hash = "sha256:1b9d9a2d6cda6621551ca8cf7a06f103adf72831153f3c0d982386110870c4d3", size = 291228, upload-time = "2025-09-19T00:36:51.654Z" },
    { url = "https://files.pythonhosted.org/packages/91/60/7d229d2bc6961289e864a3a3cfebf7d0d250e2e65323a8952cbb7e22d824/regex-2025.9.18-cp313-cp313t-macosx_11_0_arm64.whl", hash = "sha256:13202e4c4ac0ef9a317fff817674b293c8f7e8c68d3190377d8d8b749f566e12", size = 289270, upload-time = "2025-09-19T00:36:53.118Z" },
    { url = "https://files.pythonhosted.org/packages/3c/d7/b4f06868ee2958ff6430df89857fbf3d43014bbf35538b6ec96c2704e15d/regex-2025.9.18-cp313-cp313t-manylinux2014_aarch64.manylinux_2_17_aarch64.manylinux_2_28_aarch64.whl", hash = "sha256:874ff523b0fecffb090f80ae53dc93538f8db954c8bb5505f05b7787ab3402a0", size = 806326, upload-time = "2025-09-19T00:36:54.631Z" },
    { url = "https://files.pythonhosted.org/packages/d6/e4/bca99034a8f1b9b62ccf337402a8e5b959dd5ba0e5e5b2ead70273df3277/regex-2025.9.18-cp313-cp313t-manylinux2014_ppc64le.manylinux_2_17_ppc64le.manylinux_2_28_ppc64le.whl", hash = "sha256:d13ab0490128f2bb45d596f754148cd750411afc97e813e4b3a61cf278a23bb6", size = 871556, upload-time = "2025-09-19T00:36:56.208Z" },
    { url = "https://files.pythonhosted.org/packages/6d/df/e06ffaf078a162f6dd6b101a5ea9b44696dca860a48136b3ae4a9caf25e2/regex-2025.9.18-cp313-cp313t-manylinux2014_s390x.manylinux_2_17_s390x.manylinux_2_28_s390x.whl", hash = "sha256:05440bc172bc4b4b37fb9667e796597419404dbba62e171e1f826d7d2a9ebcef", size = 913817, upload-time = "2025-09-19T00:36:57.807Z" },
    { url = "https://files.pythonhosted.org/packages/9e/05/25b05480b63292fd8e84800b1648e160ca778127b8d2367a0a258fa2e225/regex-2025.9.18-cp313-cp313t-manylinux2014_x86_64.manylinux_2_17_x86_64.manylinux_2_28_x86_64.whl", hash = "sha256:5514b8e4031fdfaa3d27e92c75719cbe7f379e28cacd939807289bce76d0e35a", size = 811055, upload-time = "2025-09-19T00:36:59.762Z" },
    { url = "https://files.pythonhosted.org/packages/70/97/7bc7574655eb651ba3a916ed4b1be6798ae97af30104f655d8efd0cab24b/regex-2025.9.18-cp313-cp313t-musllinux_1_2_aarch64.whl", hash = "sha256:65d3c38c39efce73e0d9dc019697b39903ba25b1ad45ebbd730d2cf32741f40d", size = 794534, upload-time = "2025-09-19T00:37:01.405Z" },
    { url = "https://files.pythonhosted.org/packages/b4/c2/d5da49166a52dda879855ecdba0117f073583db2b39bb47ce9a3378a8e9e/regex-2025.9.18-cp313-cp313t-musllinux_1_2_ppc64le.whl", hash = "sha256:ae77e447ebc144d5a26d50055c6ddba1d6ad4a865a560ec7200b8b06bc529368", size = 866684, upload-time = "2025-09-19T00:37:03.441Z" },
    { url = "https://files.pythonhosted.org/packages/bd/2d/0a5c4e6ec417de56b89ff4418ecc72f7e3feca806824c75ad0bbdae0516b/regex-2025.9.18-cp313-cp313t-musllinux_1_2_s390x.whl", hash = "sha256:e3ef8cf53dc8df49d7e28a356cf824e3623764e9833348b655cfed4524ab8a90", size = 853282, upload-time = "2025-09-19T00:37:04.985Z" },
    { url = "https://files.pythonhosted.org/packages/f4/8e/d656af63e31a86572ec829665d6fa06eae7e144771e0330650a8bb865635/regex-2025.9.18-cp313-cp313t-musllinux_1_2_x86_64.whl", hash = "sha256:9feb29817df349c976da9a0debf775c5c33fc1c8ad7b9f025825da99374770b7", size = 797830, upload-time = "2025-09-19T00:37:06.697Z" },
    { url = "https://files.pythonhosted.org/packages/db/ce/06edc89df8f7b83ffd321b6071be4c54dc7332c0f77860edc40ce57d757b/regex-2025.9.18-cp313-cp313t-win32.whl", hash = "sha256:168be0d2f9b9d13076940b1ed774f98595b4e3c7fc54584bba81b3cc4181742e", size = 267281, upload-time = "2025-09-19T00:37:08.568Z" },
    { url = "https://files.pythonhosted.org/packages/83/9a/2b5d9c8b307a451fd17068719d971d3634ca29864b89ed5c18e499446d4a/regex-2025.9.18-cp313-cp313t-win_amd64.whl", hash = "sha256:d59ecf3bb549e491c8104fea7313f3563c7b048e01287db0a90485734a70a730", size = 278724, upload-time = "2025-09-19T00:37:10.023Z" },
    { url = "https://files.pythonhosted.org/packages/3d/70/177d31e8089a278a764f8ec9a3faac8d14a312d622a47385d4b43905806f/regex-2025.9.18-cp313-cp313t-win_arm64.whl", hash = "sha256:dbef80defe9fb21310948a2595420b36c6d641d9bea4c991175829b2cc4bc06a", size = 269771, upload-time = "2025-09-19T00:37:13.041Z" },
    { url = "https://files.pythonhosted.org/packages/44/b7/3b4663aa3b4af16819f2ab6a78c4111c7e9b066725d8107753c2257448a5/regex-2025.9.18-cp314-cp314-macosx_10_13_universal2.whl", hash = "sha256:c6db75b51acf277997f3adcd0ad89045d856190d13359f15ab5dda21581d9129", size = 486130, upload-time = "2025-09-19T00:37:14.527Z" },
    { url = "https://files.pythonhosted.org/packages/80/5b/4533f5d7ac9c6a02a4725fe8883de2aebc713e67e842c04cf02626afb747/regex-2025.9.18-cp314-cp314-macosx_10_13_x86_64.whl", hash = "sha256:8f9698b6f6895d6db810e0bda5364f9ceb9e5b11328700a90cae573574f61eea", size = 289539, upload-time = "2025-09-19T00:37:16.356Z" },
    { url = "https://files.pythonhosted.org/packages/b8/8d/5ab6797c2750985f79e9995fad3254caa4520846580f266ae3b56d1cae58/regex-2025.9.18-cp314-cp314-macosx_11_0_arm64.whl", hash = "sha256:29cd86aa7cb13a37d0f0d7c21d8d949fe402ffa0ea697e635afedd97ab4b69f1", size = 287233, upload-time = "2025-09-19T00:37:18.025Z" },
    { url = "https://files.pythonhosted.org/packages/cb/1e/95afcb02ba8d3a64e6ffeb801718ce73471ad6440c55d993f65a4a5e7a92/regex-2025.9.18-cp314-cp314-manylinux2014_aarch64.manylinux_2_17_aarch64.manylinux_2_28_aarch64.whl", hash = "sha256:7c9f285a071ee55cd9583ba24dde006e53e17780bb309baa8e4289cd472bcc47", size = 797876, upload-time = "2025-09-19T00:37:19.609Z" },
    { url = "https://files.pythonhosted.org/packages/c8/fb/720b1f49cec1f3b5a9fea5b34cd22b88b5ebccc8c1b5de9cc6f65eed165a/regex-2025.9.18-cp314-cp314-manylinux2014_ppc64le.manylinux_2_17_ppc64le.manylinux_2_28_ppc64le.whl", hash = "sha256:5adf266f730431e3be9021d3e5b8d5ee65e563fec2883ea8093944d21863b379", size = 863385, upload-time = "2025-09-19T00:37:21.65Z" },
    { url = "https://files.pythonhosted.org/packages/a9/ca/e0d07ecf701e1616f015a720dc13b84c582024cbfbb3fc5394ae204adbd7/regex-2025.9.18-cp314-cp314-manylinux2014_s390x.manylinux_2_17_s390x.manylinux_2_28_s390x.whl", hash = "sha256:1137cabc0f38807de79e28d3f6e3e3f2cc8cfb26bead754d02e6d1de5f679203", size = 910220, upload-time = "2025-09-19T00:37:23.723Z" },
    { url = "https://files.pythonhosted.org/packages/b6/45/bba86413b910b708eca705a5af62163d5d396d5f647ed9485580c7025209/regex-2025.9.18-cp314-cp314-manylinux2014_x86_64.manylinux_2_17_x86_64.manylinux_2_28_x86_64.whl", hash = "sha256:7cc9e5525cada99699ca9223cce2d52e88c52a3d2a0e842bd53de5497c604164", size = 801827, upload-time = "2025-09-19T00:37:25.684Z" },
    { url = "https://files.pythonhosted.org/packages/b8/a6/740fbd9fcac31a1305a8eed30b44bf0f7f1e042342be0a4722c0365ecfca/regex-2025.9.18-cp314-cp314-musllinux_1_2_aarch64.whl", hash = "sha256:bbb9246568f72dce29bcd433517c2be22c7791784b223a810225af3b50d1aafb", size = 786843, upload-time = "2025-09-19T00:37:27.62Z" },
    { url = "https://files.pythonhosted.org/packages/80/a7/0579e8560682645906da640c9055506465d809cb0f5415d9976f417209a6/regex-2025.9.18-cp314-cp314-musllinux_1_2_ppc64le.whl", hash = "sha256:6a52219a93dd3d92c675383efff6ae18c982e2d7651c792b1e6d121055808743", size = 857430, upload-time = "2025-09-19T00:37:29.362Z" },
    { url = "https://files.pythonhosted.org/packages/8d/9b/4dc96b6c17b38900cc9fee254fc9271d0dde044e82c78c0811b58754fde5/regex-2025.9.18-cp314-cp314-musllinux_1_2_s390x.whl", hash = "sha256:ae9b3840c5bd456780e3ddf2f737ab55a79b790f6409182012718a35c6d43282", size = 848612, upload-time = "2025-09-19T00:37:31.42Z" },
    { url = "https://files.pythonhosted.org/packages/b3/6a/6f659f99bebb1775e5ac81a3fb837b85897c1a4ef5acffd0ff8ffe7e67fb/regex-2025.9.18-cp314-cp314-musllinux_1_2_x86_64.whl", hash = "sha256:d488c236ac497c46a5ac2005a952c1a0e22a07be9f10c3e735bc7d1209a34773", size = 787967, upload-time = "2025-09-19T00:37:34.019Z" },
    { url = "https://files.pythonhosted.org/packages/61/35/9e35665f097c07cf384a6b90a1ac11b0b1693084a0b7a675b06f760496c6/regex-2025.9.18-cp314-cp314-win32.whl", hash = "sha256:0c3506682ea19beefe627a38872d8da65cc01ffa25ed3f2e422dffa1474f0788", size = 269847, upload-time = "2025-09-19T00:37:35.759Z" },
    { url = "https://files.pythonhosted.org/packages/af/64/27594dbe0f1590b82de2821ebfe9a359b44dcb9b65524876cd12fabc447b/regex-2025.9.18-cp314-cp314-win_amd64.whl", hash = "sha256:57929d0f92bebb2d1a83af372cd0ffba2263f13f376e19b1e4fa32aec4efddc3", size = 278755, upload-time = "2025-09-19T00:37:37.367Z" },
    { url = "https://files.pythonhosted.org/packages/30/a3/0cd8d0d342886bd7d7f252d701b20ae1a3c72dc7f34ef4b2d17790280a09/regex-2025.9.18-cp314-cp314-win_arm64.whl", hash = "sha256:6a4b44df31d34fa51aa5c995d3aa3c999cec4d69b9bd414a8be51984d859f06d", size = 271873, upload-time = "2025-09-19T00:37:39.125Z" },
    { url = "https://files.pythonhosted.org/packages/99/cb/8a1ab05ecf404e18b54348e293d9b7a60ec2bd7aa59e637020c5eea852e8/regex-2025.9.18-cp314-cp314t-macosx_10_13_universal2.whl", hash = "sha256:b176326bcd544b5e9b17d6943f807697c0cb7351f6cfb45bf5637c95ff7e6306", size = 489773, upload-time = "2025-09-19T00:37:40.968Z" },
    { url = "https://files.pythonhosted.org/packages/93/3b/6543c9b7f7e734d2404fa2863d0d710c907bef99d4598760ed4563d634c3/regex-2025.9.18-cp314-cp314t-macosx_10_13_x86_64.whl", hash = "sha256:0ffd9e230b826b15b369391bec167baed57c7ce39efc35835448618860995946", size = 291221, upload-time = "2025-09-19T00:37:42.901Z" },
    { url = "https://files.pythonhosted.org/packages/cd/91/e9fdee6ad6bf708d98c5d17fded423dcb0661795a49cba1b4ffb8358377a/regex-2025.9.18-cp314-cp314t-macosx_11_0_arm64.whl", hash = "sha256:ec46332c41add73f2b57e2f5b642f991f6b15e50e9f86285e08ffe3a512ac39f", size = 289268, upload-time = "2025-09-19T00:37:44.823Z" },
    { url = "https://files.pythonhosted.org/packages/94/a6/bc3e8a918abe4741dadeaeb6c508e3a4ea847ff36030d820d89858f96a6c/regex-2025.9.18-cp314-cp314t-manylinux2014_aarch64.manylinux_2_17_aarch64.manylinux_2_28_aarch64.whl", hash = "sha256:b80fa342ed1ea095168a3f116637bd1030d39c9ff38dc04e54ef7c521e01fc95", size = 806659, upload-time = "2025-09-19T00:37:46.684Z" },
    { url = "https://files.pythonhosted.org/packages/2b/71/ea62dbeb55d9e6905c7b5a49f75615ea1373afcad95830047e4e310db979/regex-2025.9.18-cp314-cp314t-manylinux2014_ppc64le.manylinux_2_17_ppc64le.manylinux_2_28_ppc64le.whl", hash = "sha256:f4d97071c0ba40f0cf2a93ed76e660654c399a0a04ab7d85472239460f3da84b", size = 871701, upload-time = "2025-09-19T00:37:48.882Z" },
    { url = "https://files.pythonhosted.org/packages/6a/90/fbe9dedb7dad24a3a4399c0bae64bfa932ec8922a0a9acf7bc88db30b161/regex-2025.9.18-cp314-cp314t-manylinux2014_s390x.manylinux_2_17_s390x.manylinux_2_28_s390x.whl", hash = "sha256:0ac936537ad87cef9e0e66c5144484206c1354224ee811ab1519a32373e411f3", size = 913742, upload-time = "2025-09-19T00:37:51.015Z" },
    { url = "https://files.pythonhosted.org/packages/f0/1c/47e4a8c0e73d41eb9eb9fdeba3b1b810110a5139a2526e82fd29c2d9f867/regex-2025.9.18-cp314-cp314t-manylinux2014_x86_64.manylinux_2_17_x86_64.manylinux_2_28_x86_64.whl", hash = "sha256:dec57f96d4def58c422d212d414efe28218d58537b5445cf0c33afb1b4768571", size = 811117, upload-time = "2025-09-19T00:37:52.686Z" },
    { url = "https://files.pythonhosted.org/packages/2a/da/435f29fddfd015111523671e36d30af3342e8136a889159b05c1d9110480/regex-2025.9.18-cp314-cp314t-musllinux_1_2_aarch64.whl", hash = "sha256:48317233294648bf7cd068857f248e3a57222259a5304d32c7552e2284a1b2ad", size = 794647, upload-time = "2025-09-19T00:37:54.626Z" },
    { url = "https://files.pythonhosted.org/packages/23/66/df5e6dcca25c8bc57ce404eebc7342310a0d218db739d7882c9a2b5974a3/regex-2025.9.18-cp314-cp314t-musllinux_1_2_ppc64le.whl", hash = "sha256:274687e62ea3cf54846a9b25fc48a04459de50af30a7bd0b61a9e38015983494", size = 866747, upload-time = "2025-09-19T00:37:56.367Z" },
    { url = "https://files.pythonhosted.org/packages/82/42/94392b39b531f2e469b2daa40acf454863733b674481fda17462a5ffadac/regex-2025.9.18-cp314-cp314t-musllinux_1_2_s390x.whl", hash = "sha256:a78722c86a3e7e6aadf9579e3b0ad78d955f2d1f1a8ca4f67d7ca258e8719d4b", size = 853434, upload-time = "2025-09-19T00:37:58.39Z" },
    { url = "https://files.pythonhosted.org/packages/a8/f8/dcc64c7f7bbe58842a8f89622b50c58c3598fbbf4aad0a488d6df2c699f1/regex-2025.9.18-cp314-cp314t-musllinux_1_2_x86_64.whl", hash = "sha256:06104cd203cdef3ade989a1c45b6215bf42f8b9dd705ecc220c173233f7cba41", size = 798024, upload-time = "2025-09-19T00:38:00.397Z" },
    { url = "https://files.pythonhosted.org/packages/20/8d/edf1c5d5aa98f99a692313db813ec487732946784f8f93145e0153d910e5/regex-2025.9.18-cp314-cp314t-win32.whl", hash = "sha256:2e1eddc06eeaffd249c0adb6fafc19e2118e6308c60df9db27919e96b5656096", size = 273029, upload-time = "2025-09-19T00:38:02.383Z" },
    { url = "https://files.pythonhosted.org/packages/a7/24/02d4e4f88466f17b145f7ea2b2c11af3a942db6222429c2c146accf16054/regex-2025.9.18-cp314-cp314t-win_amd64.whl", hash = "sha256:8620d247fb8c0683ade51217b459cb4a1081c0405a3072235ba43a40d355c09a", size = 282680, upload-time = "2025-09-19T00:38:04.102Z" },
    { url = "https://files.pythonhosted.org/packages/1f/a3/c64894858aaaa454caa7cc47e2f225b04d3ed08ad649eacf58d45817fad2/regex-2025.9.18-cp314-cp314t-win_arm64.whl", hash = "sha256:b7531a8ef61de2c647cdf68b3229b071e46ec326b3138b2180acb4275f470b01", size = 273034, upload-time = "2025-09-19T00:38:05.807Z" },
]

[[package]]
name = "tqdm"
version = "4.67.1"
source = { registry = "https://pypi.org/simple" }
dependencies = [
    { name = "colorama", marker = "sys_platform == 'win32'" },
]
sdist = { url = "https://files.pythonhosted.org/packages/a8/4b/29b4ef32e036bb34e4ab51796dd745cdba7ed47ad142a9f4a1eb8e0c744d/tqdm-4.67.1.tar.gz", hash = "sha256:f8aef9c52c08c13a65f30ea34f4e5aac3fd1a34959879d7e59e63027286627f2", size = 169737, upload-time = "2024-11-24T20:12:22.481Z" }
wheels = [
    { url = "https://files.pythonhosted.org/packages/d0/30/dc54f88dd4a2b5dc8a0279bdd7270e735851848b762aeb1c1184ed1f6b14/tqdm-4.67.1-py3-none-any.whl", hash = "sha256:26445eca388f82e72884e0d580d5464cd801a3ea01e63e5601bdff9ba6a48de2", size = 78540, upload-time = "2024-11-24T20:12:19.698Z" },
]
